
Microsoft Visual Studio Solution File, Format Version 12.00
# Visual Studio Version 16
VisualStudioVersion = 16.0.31005.135
MinimumVisualStudioVersion = 10.0.40219.1
Project("{9A19103F-16F7-4668-BE54-9A1E7A4F7556}") = "AnimalRecognize", "AnimalRecognize\AnimalRecognize.csproj", "{EE37BC36-5F93-4304-9C64-329949B2FEE5}"
EndProject
Project("{9A19103F-16F7-4668-BE54-9A1E7A4F7556}") = "AnimalRecognizeML.Model", "AnimalRecognizeML.Model\AnimalRecognizeML.Model.csproj", "{8E00F1A7-32B2-456B-9A5B-5F8CD98DD7CC}"
EndProject
Global
	GlobalSection(SolutionConfigurationPlatforms) = preSolution
		Debug|Any CPU = Debug|Any CPU
		Release|Any CPU = Release|Any CPU
	EndGlobalSection
	GlobalSection(ProjectConfigurationPlatforms) = postSolution
		{EE37BC36-5F93-4304-9C64-329949B2FEE5}.Debug|Any CPU.ActiveCfg = Debug|Any CPU
		{EE37BC36-5F93-4304-9C64-329949B2FEE5}.Debug|Any CPU.Build.0 = Debug|Any CPU
		{EE37BC36-5F93-4304-9C64-329949B2FEE5}.Release|Any CPU.ActiveCfg = Release|Any CPU
		{EE37BC36-5F93-4304-9C64-329949B2FEE5}.Release|Any CPU.Build.0 = Release|Any CPU
		{8E00F1A7-32B2-456B-9A5B-5F8CD98DD7CC}.Debug|Any CPU.ActiveCfg = Debug|Any CPU
		{8E00F1A7-32B2-456B-9A5B-5F8CD98DD7CC}.Debug|Any CPU.Build.0 = Debug|Any CPU
		{8E00F1A7-32B2-456B-9A5B-5F8CD98DD7CC}.Release|Any CPU.ActiveCfg = Release|Any CPU
		{8E00F1A7-32B2-456B-9A5B-5F8CD98DD7CC}.Release|Any CPU.Build.0 = Release|Any CPU
	EndGlobalSection
	GlobalSection(SolutionProperties) = preSolution
		HideSolutionNode = FALSE
	EndGlobalSection
	GlobalSection(ExtensibilityGlobals) = postSolution
		SolutionGuid = {8FD35C93-42AD-426D-B03F-AC44926EA381}
	EndGlobalSection
EndGlobal
